
Microsoft Visual Studio Solution File, Format Version 12.00
# Visual Studio 2017
Project("{FAE04EC0-301F-11D3-BF4B-00C04F79EFBC}") = "StrangeIoC", "StrangeIoC.csproj", "{7A0F9984-58B4-3790-9CC1-D06883114B0B}"
EndProject
Global
	GlobalSection(SolutionConfigurationPlatforms) = preSolution
		Debug|Any CPU = Debug|Any CPU
		Release|Any CPU = Release|Any CPU
	EndGlobalSection
	GlobalSection(ProjectConfigurationPlatforms) = postSolution
		{7A0F9984-58B4-3790-9CC1-D06883114B0B}.Debug|Any CPU.ActiveCfg = Debug|Any CPU
		{7A0F9984-58B4-3790-9CC1-D06883114B0B}.Debug|Any CPU.Build.0 = Debug|Any CPU
		{7A0F9984-58B4-3790-9CC1-D06883114B0B}.Release|Any CPU.ActiveCfg = Release|Any CPU
		{7A0F9984-58B4-3790-9CC1-D06883114B0B}.Release|Any CPU.Build.0 = Release|Any CPU
	EndGlobalSection
	GlobalSection(SolutionProperties) = preSolution
		HideSolutionNode = FALSE
	EndGlobalSection
EndGlobal
